Microsoft Visual Studio Solution File, Format Version 12.00
# Visual Studio Version 17
VisualStudioVersion = 17.13.35806.99
MinimumVisualStudioVersion = 10.0.40219.1
Project("{FAE04EC0-301F-11D3-BF4B-00C04F79EFBC}") = "LoginFlow", "LoginFlow.csproj", "{5F7B9C55-2DAE-40FC-B8DD-8B0854E0F201}"
EndProject
Global
	GlobalSection(SolutionConfigurationPlatforms) = preSolution
		Debug|Any CPU = Debug|Any CPU
		Release|Any CPU = Release|Any CPU
	EndGlobalSection
	GlobalSection(ProjectConfigurationPlatforms) = postSolution
		{5F7B9C55-2DAE-40FC-B8DD-8B0854E0F201}.Debug|Any CPU.ActiveCfg = Debug|Any CPU
		{5F7B9C55-2DAE-40FC-B8DD-8B0854E0F201}.Debug|Any CPU.Build.0 = Debug|Any CPU
		{5F7B9C55-2DAE-40FC-B8DD-8B0854E0F201}.Debug|Any CPU.Deploy.0 = Debug|Any CPU
		{5F7B9C55-2DAE-40FC-B8DD-8B0854E0F201}.Release|Any CPU.ActiveCfg = Release|Any CPU
		{5F7B9C55-2DAE-40FC-B8DD-8B0854E0F201}.Release|Any CPU.Build.0 = Release|Any CPU
	EndGlobalSection
	GlobalSection(SolutionProperties) = preSolution
		HideSolutionNode = FALSE
	EndGlobalSection
	GlobalSection(ExtensibilityGlobals) = postSolution
		SolutionGuid = {0815E166-3F41-4B05-9267-822184611050}
	EndGlobalSection
EndGlobal
